
Microsoft Visual Studio Solution File, Format Version 12.00
# Visual Studio Version 16
VisualStudioVersion = 16.0.31025.194
MinimumVisualStudioVersion = 10.0.40219.1
Project("{FAE04EC0-301F-11D3-BF4B-00C04F79EFBC}") = "vs-2019-github-user-experience", "vs-2019-github-user-experience\vs-2019-github-user-experience.csproj", "{11A2EF10-12A0-4A17-9D38-9081EC8B6CE6}"
EndProject
Global
	GlobalSection(SolutionConfigurationPlatforms) = preSolution
		Debug|Any CPU = Debug|Any CPU
		Release|Any CPU = Release|Any CPU
	EndGlobalSection
	GlobalSection(ProjectConfigurationPlatforms) = postSolution
		{11A2EF10-12A0-4A17-9D38-9081EC8B6CE6}.Debug|Any CPU.ActiveCfg = Debug|Any CPU
		{11A2EF10-12A0-4A17-9D38-9081EC8B6CE6}.Debug|Any CPU.Build.0 = Debug|Any CPU
		{11A2EF10-12A0-4A17-9D38-9081EC8B6CE6}.Release|Any CPU.ActiveCfg = Release|Any CPU
		{11A2EF10-12A0-4A17-9D38-9081EC8B6CE6}.Release|Any CPU.Build.0 = Release|Any CPU
	EndGlobalSection
	GlobalSection(SolutionProperties) = preSolution
		HideSolutionNode = FALSE
	EndGlobalSection
	GlobalSection(ExtensibilityGlobals) = postSolution
		SolutionGuid = {2C4A28E1-03BE-4D6A-9D05-A49A86C9F03A}
	EndGlobalSection
EndGlobal
